
Microsoft Visual Studio Solution File, Format Version 12.00
# Visual Studio 15
VisualStudioVersion = 15.0.28307.271
MinimumVisualStudioVersion = 10.0.40219.1
Project("{FAE04EC0-301F-11D3-BF4B-00C04F79EFBC}") = "EasySocket.vs13", "EasySocket.vs13\EasySocket.vs13.csproj", "{89E6A40C-BDDD-4835-B9E8-7585274E7E51}"
EndProject
Project("{FAE04EC0-301F-11D3-BF4B-00C04F79EFBC}") = "EasyClient", "EasyClient\EasyClient.csproj", "{4A658688-8252-4A7F-8C21-D456A171ACC2}"
	ProjectSection(ProjectDependencies) = postProject
		{89E6A40C-BDDD-4835-B9E8-7585274E7E51} = {89E6A40C-BDDD-4835-B9E8-7585274E7E51}
	EndProjectSection
EndProject
Project("{2150E333-8FDC-42A3-9474-1A3956D46DE8}") = "Example", "Example", "{4AE25FA4-2085-44CC-BF72-1D214661CE39}"
EndProject
Project("{FAE04EC0-301F-11D3-BF4B-00C04F79EFBC}") = "EasyServer", "EasyServer\EasyServer.csproj", "{222B6551-63D5-44C3-94A7-76587F9B683B}"
	ProjectSection(ProjectDependencies) = postProject
		{89E6A40C-BDDD-4835-B9E8-7585274E7E51} = {89E6A40C-BDDD-4835-B9E8-7585274E7E51}
		{AC838723-D1EB-4767-BCB5-9A73AEA0CECC} = {AC838723-D1EB-4767-BCB5-9A73AEA0CECC}
	EndProjectSection
EndProject
Project("{FAE04EC0-301F-11D3-BF4B-00C04F79EFBC}") = "Models", "Models\Models.csproj", "{AC838723-D1EB-4767-BCB5-9A73AEA0CECC}"
EndProject
Project("{FAE04EC0-301F-11D3-BF4B-00C04F79EFBC}") = "MM00", "ClassLibrary1ForClient\MM00.csproj", "{99C9F563-3783-4777-B802-3FD197925E0E}"
EndProject
Project("{2150E333-8FDC-42A3-9474-1A3956D46DE8}") = "Server", "Server", "{4DAF666D-30AB-4288-B32C-086028D6EC20}"
EndProject
Project("{2150E333-8FDC-42A3-9474-1A3956D46DE8}") = "Client", "Client", "{6C17A7FE-33B7-4619-B27B-5BFC350882FD}"
EndProject
Project("{FAE04EC0-301F-11D3-BF4B-00C04F79EFBC}") = "SqlSugarCreater", "SqlSugarCreater\SqlSugarCreater.csproj", "{98D8E4A7-70FE-44AB-9176-462E51FEBA63}"
EndProject
Project("{FAE04EC0-301F-11D3-BF4B-00C04F79EFBC}") = "Dll3", "DLL3\Dll3.csproj", "{E5365F24-B020-4557-AB1B-C39F55F64AFA}"
EndProject
Project("{FAE04EC0-301F-11D3-BF4B-00C04F79EFBC}") = "Log4Ex", "Log4Ex\Log4Ex.csproj", "{E40A3025-C1BE-4139-ADB7-5975B4EC25A3}"
EndProject
Project("{2150E333-8FDC-42A3-9474-1A3956D46DE8}") = "EC", "EC", "{39ABB036-6D61-4EF3-A21D-557721D27F83}"
EndProject
Project("{2150E333-8FDC-42A3-9474-1A3956D46DE8}") = "MM", "MM", "{FB51830D-CCEB-41A3-9B8A-A28C8B721330}"
EndProject
Project("{2150E333-8FDC-42A3-9474-1A3956D46DE8}") = "Sql", "Sql", "{820552B5-27DA-464C-95B8-21CF5D6C46CC}"
EndProject
Project("{FAE04EC0-301F-11D3-BF4B-00C04F79EFBC}") = "DllOpc", "DllOpc\DllOpc.csproj", "{620400F5-1F56-43EC-8238-78D10ABC516C}"
EndProject
Global
	GlobalSection(SolutionConfigurationPlatforms) = preSolution
		Debug|Any CPU = Debug|Any CPU
		Debug|Mixed Platforms = Debug|Mixed Platforms
		Debug|x86 = Debug|x86
		Release|Any CPU = Release|Any CPU
		Release|Mixed Platforms = Release|Mixed Platforms
		Release|x86 = Release|x86
	EndGlobalSection
	GlobalSection(ProjectConfigurationPlatforms) = postSolution
		{89E6A40C-BDDD-4835-B9E8-7585274E7E51}.Debug|Any CPU.ActiveCfg = Debug|Any CPU
		{89E6A40C-BDDD-4835-B9E8-7585274E7E51}.Debug|Any CPU.Build.0 = Debug|Any CPU
		{89E6A40C-BDDD-4835-B9E8-7585274E7E51}.Debug|Mixed Platforms.ActiveCfg = Debug|Any CPU
		{89E6A40C-BDDD-4835-B9E8-7585274E7E51}.Debug|Mixed Platforms.Build.0 = Debug|Any CPU
		{89E6A40C-BDDD-4835-B9E8-7585274E7E51}.Debug|x86.ActiveCfg = Debug|Any CPU
		{89E6A40C-BDDD-4835-B9E8-7585274E7E51}.Release|Any CPU.ActiveCfg = Release|Any CPU
		{89E6A40C-BDDD-4835-B9E8-7585274E7E51}.Release|Any CPU.Build.0 = Release|Any CPU
		{89E6A40C-BDDD-4835-B9E8-7585274E7E51}.Release|Mixed Platforms.ActiveCfg = Release|Any CPU
		{89E6A40C-BDDD-4835-B9E8-7585274E7E51}.Release|Mixed Platforms.Build.0 = Release|Any CPU
		{89E6A40C-BDDD-4835-B9E8-7585274E7E51}.Release|x86.ActiveCfg = Release|Any CPU
		{4A658688-8252-4A7F-8C21-D456A171ACC2}.Debug|Any CPU.ActiveCfg = Debug|Any CPU
		{4A658688-8252-4A7F-8C21-D456A171ACC2}.Debug|Any CPU.Build.0 = Debug|Any CPU
		{4A658688-8252-4A7F-8C21-D456A171ACC2}.Debug|Mixed Platforms.ActiveCfg = Debug|Any CPU
		{4A658688-8252-4A7F-8C21-D456A171ACC2}.Debug|Mixed Platforms.Build.0 = Debug|Any CPU
		{4A658688-8252-4A7F-8C21-D456A171ACC2}.Debug|x86.ActiveCfg = Debug|Any CPU
		{4A658688-8252-4A7F-8C21-D456A171ACC2}.Release|Any CPU.ActiveCfg = Release|Any CPU
		{4A658688-8252-4A7F-8C21-D456A171ACC2}.Release|Any CPU.Build.0 = Release|Any CPU
		{4A658688-8252-4A7F-8C21-D456A171ACC2}.Release|Mixed Platforms.ActiveCfg = Release|Any CPU
		{4A658688-8252-4A7F-8C21-D456A171ACC2}.Release|Mixed Platforms.Build.0 = Release|Any CPU
		{4A658688-8252-4A7F-8C21-D456A171ACC2}.Release|x86.ActiveCfg = Release|Any CPU
		{222B6551-63D5-44C3-94A7-76587F9B683B}.Debug|Any CPU.ActiveCfg = Debug|Any CPU
		{222B6551-63D5-44C3-94A7-76587F9B683B}.Debug|Any CPU.Build.0 = Debug|Any CPU
		{222B6551-63D5-44C3-94A7-76587F9B683B}.Debug|Mixed Platforms.ActiveCfg = Debug|Any CPU
		{222B6551-63D5-44C3-94A7-76587F9B683B}.Debug|Mixed Platforms.Build.0 = Debug|Any CPU
		{222B6551-63D5-44C3-94A7-76587F9B683B}.Debug|x86.ActiveCfg = Debug|Any CPU
		{222B6551-63D5-44C3-94A7-76587F9B683B}.Release|Any CPU.ActiveCfg = Release|Any CPU
		{222B6551-63D5-44C3-94A7-76587F9B683B}.Release|Any CPU.Build.0 = Release|Any CPU
		{222B6551-63D5-44C3-94A7-76587F9B683B}.Release|Mixed Platforms.ActiveCfg = Release|Any CPU
		{222B6551-63D5-44C3-94A7-76587F9B683B}.Release|Mixed Platforms.Build.0 = Release|Any CPU
		{222B6551-63D5-44C3-94A7-76587F9B683B}.Release|x86.ActiveCfg = Release|Any CPU
		{AC838723-D1EB-4767-BCB5-9A73AEA0CECC}.Debug|Any CPU.ActiveCfg = Debug|Any CPU
		{AC838723-D1EB-4767-BCB5-9A73AEA0CECC}.Debug|Any CPU.Build.0 = Debug|Any CPU
		{AC838723-D1EB-4767-BCB5-9A73AEA0CECC}.Debug|Mixed Platforms.ActiveCfg = Debug|Any CPU
		{AC838723-D1EB-4767-BCB5-9A73AEA0CECC}.Debug|Mixed Platforms.Build.0 = Debug|Any CPU
		{AC838723-D1EB-4767-BCB5-9A73AEA0CECC}.Debug|x86.ActiveCfg = Debug|Any CPU
		{AC838723-D1EB-4767-BCB5-9A73AEA0CECC}.Release|Any CPU.ActiveCfg = Release|Any CPU
		{AC838723-D1EB-4767-BCB5-9A73AEA0CECC}.Release|Any CPU.Build.0 = Release|Any CPU
		{AC838723-D1EB-4767-BCB5-9A73AEA0CECC}.Release|Mixed Platforms.ActiveCfg = Release|Any CPU
		{AC838723-D1EB-4767-BCB5-9A73AEA0CECC}.Release|Mixed Platforms.Build.0 = Release|Any CPU
		{AC838723-D1EB-4767-BCB5-9A73AEA0CECC}.Release|x86.ActiveCfg = Release|Any CPU
		{99C9F563-3783-4777-B802-3FD197925E0E}.Debug|Any CPU.ActiveCfg = Debug|Any CPU
		{99C9F563-3783-4777-B802-3FD197925E0E}.Debug|Any CPU.Build.0 = Debug|Any CPU
		{99C9F563-3783-4777-B802-3FD197925E0E}.Debug|Mixed Platforms.ActiveCfg = Debug|Any CPU
		{99C9F563-3783-4777-B802-3FD197925E0E}.Debug|Mixed Platforms.Build.0 = Debug|Any CPU
		{99C9F563-3783-4777-B802-3FD197925E0E}.Debug|x86.ActiveCfg = Debug|Any CPU
		{99C9F563-3783-4777-B802-3FD197925E0E}.Release|Any CPU.ActiveCfg = Release|Any CPU
		{99C9F563-3783-4777-B802-3FD197925E0E}.Release|Any CPU.Build.0 = Release|Any CPU
		{99C9F563-3783-4777-B802-3FD197925E0E}.Release|Mixed Platforms.ActiveCfg = Release|Any CPU
		{99C9F563-3783-4777-B802-3FD197925E0E}.Release|Mixed Platforms.Build.0 = Release|Any CPU
		{99C9F563-3783-4777-B802-3FD197925E0E}.Release|x86.ActiveCfg = Release|Any CPU
		{98D8E4A7-70FE-44AB-9176-462E51FEBA63}.Debug|Any CPU.ActiveCfg = Debug|Any CPU
		{98D8E4A7-70FE-44AB-9176-462E51FEBA63}.Debug|Any CPU.Build.0 = Debug|Any CPU
		{98D8E4A7-70FE-44AB-9176-462E51FEBA63}.Debug|Mixed Platforms.ActiveCfg = Debug|Any CPU
		{98D8E4A7-70FE-44AB-9176-462E51FEBA63}.Debug|Mixed Platforms.Build.0 = Debug|Any CPU
		{98D8E4A7-70FE-44AB-9176-462E51FEBA63}.Debug|x86.ActiveCfg = Debug|Any CPU
		{98D8E4A7-70FE-44AB-9176-462E51FEBA63}.Release|Any CPU.ActiveCfg = Release|Any CPU
		{98D8E4A7-70FE-44AB-9176-462E51FEBA63}.Release|Any CPU.Build.0 = Release|Any CPU
		{98D8E4A7-70FE-44AB-9176-462E51FEBA63}.Release|Mixed Platforms.ActiveCfg = Release|Any CPU
		{98D8E4A7-70FE-44AB-9176-462E51FEBA63}.Release|Mixed Platforms.Build.0 = Release|Any CPU
		{98D8E4A7-70FE-44AB-9176-462E51FEBA63}.Release|x86.ActiveCfg = Release|Any CPU
		{E5365F24-B020-4557-AB1B-C39F55F64AFA}.Debug|Any CPU.ActiveCfg = Debug|Any CPU
		{E5365F24-B020-4557-AB1B-C39F55F64AFA}.Debug|Any CPU.Build.0 = Debug|Any CPU
		{E5365F24-B020-4557-AB1B-C39F55F64AFA}.Debug|Mixed Platforms.ActiveCfg = Debug|Any CPU
		{E5365F24-B020-4557-AB1B-C39F55F64AFA}.Debug|Mixed Platforms.Build.0 = Debug|Any CPU
		{E5365F24-B020-4557-AB1B-C39F55F64AFA}.Debug|x86.ActiveCfg = Debug|Any CPU
		{E5365F24-B020-4557-AB1B-C39F55F64AFA}.Release|Any CPU.ActiveCfg = Release|Any CPU
		{E5365F24-B020-4557-AB1B-C39F55F64AFA}.Release|Any CPU.Build.0 = Release|Any CPU
		{E5365F24-B020-4557-AB1B-C39F55F64AFA}.Release|Mixed Platforms.ActiveCfg = Release|Any CPU
		{E5365F24-B020-4557-AB1B-C39F55F64AFA}.Release|Mixed Platforms.Build.0 = Release|Any CPU
		{E5365F24-B020-4557-AB1B-C39F55F64AFA}.Release|x86.ActiveCfg = Release|Any CPU
		{E40A3025-C1BE-4139-ADB7-5975B4EC25A3}.Debug|Any CPU.ActiveCfg = Debug|Any CPU
		{E40A3025-C1BE-4139-ADB7-5975B4EC25A3}.Debug|Any CPU.Build.0 = Debug|Any CPU
		{E40A3025-C1BE-4139-ADB7-5975B4EC25A3}.Debug|Mixed Platforms.ActiveCfg = Debug|Any CPU
		{E40A3025-C1BE-4139-ADB7-5975B4EC25A3}.Debug|Mixed Platforms.Build.0 = Debug|Any CPU
		{E40A3025-C1BE-4139-ADB7-5975B4EC25A3}.Debug|x86.ActiveCfg = Debug|Any CPU
		{E40A3025-C1BE-4139-ADB7-5975B4EC25A3}.Release|Any CPU.ActiveCfg = Release|Any CPU
		{E40A3025-C1BE-4139-ADB7-5975B4EC25A3}.Release|Any CPU.Build.0 = Release|Any CPU
		{E40A3025-C1BE-4139-ADB7-5975B4EC25A3}.Release|Mixed Platforms.ActiveCfg = Release|Any CPU
		{E40A3025-C1BE-4139-ADB7-5975B4EC25A3}.Release|Mixed Platforms.Build.0 = Release|Any CPU
		{E40A3025-C1BE-4139-ADB7-5975B4EC25A3}.Release|x86.ActiveCfg = Release|Any CPU
		{620400F5-1F56-43EC-8238-78D10ABC516C}.Debug|Any CPU.ActiveCfg = Debug|Any CPU
		{620400F5-1F56-43EC-8238-78D10ABC516C}.Debug|Any CPU.Build.0 = Debug|Any CPU
		{620400F5-1F56-43EC-8238-78D10ABC516C}.Debug|Mixed Platforms.ActiveCfg = Debug|Any CPU
		{620400F5-1F56-43EC-8238-78D10ABC516C}.Debug|Mixed Platforms.Build.0 = Debug|Any CPU
		{620400F5-1F56-43EC-8238-78D10ABC516C}.Debug|x86.ActiveCfg = Debug|Any CPU
		{620400F5-1F56-43EC-8238-78D10ABC516C}.Release|Any CPU.ActiveCfg = Release|Any CPU
		{620400F5-1F56-43EC-8238-78D10ABC516C}.Release|Any CPU.Build.0 = Release|Any CPU
		{620400F5-1F56-43EC-8238-78D10ABC516C}.Release|Mixed Platforms.ActiveCfg = Release|Any CPU
		{620400F5-1F56-43EC-8238-78D10ABC516C}.Release|Mixed Platforms.Build.0 = Release|Any CPU
		{620400F5-1F56-43EC-8238-78D10ABC516C}.Release|x86.ActiveCfg = Release|Any CPU
	EndGlobalSection
	GlobalSection(SolutionProperties) = preSolution
		HideSolutionNode = FALSE
	EndGlobalSection
	GlobalSection(NestedProjects) = preSolution
		{4A658688-8252-4A7F-8C21-D456A171ACC2} = {39ABB036-6D61-4EF3-A21D-557721D27F83}
		{222B6551-63D5-44C3-94A7-76587F9B683B} = {4DAF666D-30AB-4288-B32C-086028D6EC20}
		{99C9F563-3783-4777-B802-3FD197925E0E} = {FB51830D-CCEB-41A3-9B8A-A28C8B721330}
		{4DAF666D-30AB-4288-B32C-086028D6EC20} = {4AE25FA4-2085-44CC-BF72-1D214661CE39}
		{6C17A7FE-33B7-4619-B27B-5BFC350882FD} = {4AE25FA4-2085-44CC-BF72-1D214661CE39}
		{98D8E4A7-70FE-44AB-9176-462E51FEBA63} = {820552B5-27DA-464C-95B8-21CF5D6C46CC}
		{E5365F24-B020-4557-AB1B-C39F55F64AFA} = {4DAF666D-30AB-4288-B32C-086028D6EC20}
		{39ABB036-6D61-4EF3-A21D-557721D27F83} = {6C17A7FE-33B7-4619-B27B-5BFC350882FD}
		{FB51830D-CCEB-41A3-9B8A-A28C8B721330} = {6C17A7FE-33B7-4619-B27B-5BFC350882FD}
		{820552B5-27DA-464C-95B8-21CF5D6C46CC} = {4AE25FA4-2085-44CC-BF72-1D214661CE39}
		{620400F5-1F56-43EC-8238-78D10ABC516C} = {4DAF666D-30AB-4288-B32C-086028D6EC20}
	EndGlobalSection
	GlobalSection(ExtensibilityGlobals) = postSolution
		SolutionGuid = {632B33DF-7EFC-4F7F-AB4E-FD95754A886C}
	EndGlobalSection
	GlobalSection(Performance) = preSolution
		HasPerformanceSessions = true
	EndGlobalSection
EndGlobal
