
Microsoft Visual Studio Solution File, Format Version 12.00
# Visual Studio 15
VisualStudioVersion = 15.0.28307.271
MinimumVisualStudioVersion = 10.0.40219.1
Project("{FAE04EC0-301F-11D3-BF4B-00C04F79EFBC}") = "EasySocket.vs13", "EasySocket.vs13\EasySocket.vs13.csproj", "{89E6A40C-BDDD-4835-B9E8-7585274E7E51}"
EndProject
Project("{FAE04EC0-301F-11D3-BF4B-00C04F79EFBC}") = "EasyClient", "EasyClient\EasyClient.csproj", "{4A658688-8252-4A7F-8C21-D456A171ACC2}"
	ProjectSection(ProjectDependencies) = postProject
		{89E6A40C-BDDD-4835-B9E8-7585274E7E51} = {89E6A40C-BDDD-4835-B9E8-7585274E7E51}
	EndProjectSection
EndProject
Project("{2150E333-8FDC-42A3-9474-1A3956D46DE8}") = "Example", "Example", "{4AE25FA4-2085-44CC-BF72-1D214661CE39}"
EndProject
Project("{FAE04EC0-301F-11D3-BF4B-00C04F79EFBC}") = "EasyServer", "EasyServer\EasyServer.csproj", "{222B6551-63D5-44C3-94A7-76587F9B683B}"
	ProjectSection(ProjectDependencies) = postProject
		{89E6A40C-BDDD-4835-B9E8-7585274E7E51} = {89E6A40C-BDDD-4835-B9E8-7585274E7E51}
		{AC838723-D1EB-4767-BCB5-9A73AEA0CECC} = {AC838723-D1EB-4767-BCB5-9A73AEA0CECC}
	EndProjectSection
EndProject
Project("{FAE04EC0-301F-11D3-BF4B-00C04F79EFBC}") = "Models", "Models\Models.csproj", "{AC838723-D1EB-4767-BCB5-9A73AEA0CECC}"
EndProject
Project("{FAE04EC0-301F-11D3-BF4B-00C04F79EFBC}") = "MM00", "ClassLibrary1ForClient\MM00.csproj", "{99C9F563-3783-4777-B802-3FD197925E0E}"
EndProject
Project("{2150E333-8FDC-42A3-9474-1A3956D46DE8}") = "Server", "Server", "{4DAF666D-30AB-4288-B32C-086028D6EC20}"
EndProject
Project("{2150E333-8FDC-42A3-9474-1A3956D46DE8}") = "Client", "Client", "{6C17A7FE-33B7-4619-B27B-5BFC350882FD}"
EndProject
Project("{FAE04EC0-301F-11D3-BF4B-00C04F79EFBC}") = "SqlSugarCreater", "SqlSugarCreater\SqlSugarCreater.csproj", "{98D8E4A7-70FE-44AB-9176-462E51FEBA63}"
EndProject
Project("{FAE04EC0-301F-11D3-BF4B-00C04F79EFBC}") = "DllBase", "DllBase\DllBase.csproj", "{E5365F24-B020-4557-AB1B-C39F55F64AFA}"
EndProject
Project("{FAE04EC0-301F-11D3-BF4B-00C04F79EFBC}") = "Log4Ex", "Log4Ex\Log4Ex.csproj", "{E40A3025-C1BE-4139-ADB7-5975B4EC25A3}"
EndProject
Project("{2150E333-8FDC-42A3-9474-1A3956D46DE8}") = "EC", "EC", "{39ABB036-6D61-4EF3-A21D-557721D27F83}"
EndProject
Project("{2150E333-8FDC-42A3-9474-1A3956D46DE8}") = "MM", "MM", "{FB51830D-CCEB-41A3-9B8A-A28C8B721330}"
EndProject
Project("{2150E333-8FDC-42A3-9474-1A3956D46DE8}") = "Sql", "Sql", "{820552B5-27DA-464C-95B8-21CF5D6C46CC}"
	ProjectSection(SolutionItems) = preProject
		表修改后需要修改DbContext的路径.txt = 表修改后需要修改DbContext的路径.txt
	EndProjectSection
EndProject
Project("{FAE04EC0-301F-11D3-BF4B-00C04F79EFBC}") = "DllOpc", "DllOpc\DllOpc.csproj", "{620400F5-1F56-43EC-8238-78D10ABC516C}"
EndProject
Project("{2150E333-8FDC-42A3-9474-1A3956D46DE8}") = "ServerDll", "ServerDll", "{19AE68DB-86BD-431F-9D31-465CAB85E8E9}"
EndProject
Project("{FAE04EC0-301F-11D3-BF4B-00C04F79EFBC}") = "DllFurn", "DllFurn\DllFurn.csproj", "{64CE671B-0BB0-4AB7-8488-F4C72FF0B443}"
EndProject
Project("{FAE04EC0-301F-11D3-BF4B-00C04F79EFBC}") = "DllMill", "DllMill\DllMill.csproj", "{30B3B08A-234A-430B-88CE-E1BCC2728E30}"
EndProject
Project("{FAE04EC0-301F-11D3-BF4B-00C04F79EFBC}") = "DllClient", "DllClient\DllClient.csproj", "{83D2D076-D2F0-4087-BF93-3E1212C1A43C}"
EndProject
Project("{FAE04EC0-301F-11D3-BF4B-00C04F79EFBC}") = "DllOpcEvent", "DllOpcEvent\DllOpcEvent.csproj", "{E972DAD0-3DB1-49EA-BF23-50676D9713E6}"
EndProject
Project("{FAE04EC0-301F-11D3-BF4B-00C04F79EFBC}") = "DllCoil", "DllCoil\DllCoil.csproj", "{629E3D4F-70D3-47F1-8FC0-752CD451749A}"
EndProject
Project("{FAE04EC0-301F-11D3-BF4B-00C04F79EFBC}") = "DBLZGX2L2.BusinessCore", "SoEasyPlatform-master\Asp.Net\DBLZGX2L2.BusinessCore\DBLZGX2L2.BusinessCore.csproj", "{91EB925A-90FC-417C-824F-0F19FF3F2E7D}"
EndProject
Project("{FAE04EC0-301F-11D3-BF4B-00C04F79EFBC}") = "DBLZGX2L2.Enties", "SoEasyPlatform-master\Asp.Net\DBLZGX2L2.Enties\DBLZGX2L2.Enties.csproj", "{E840D0A7-318A-4328-B954-6029442B1757}"
EndProject
Global
	GlobalSection(SolutionConfigurationPlatforms) = preSolution
		Debug|Any CPU = Debug|Any CPU
		Debug|Mixed Platforms = Debug|Mixed Platforms
		Debug|x86 = Debug|x86
		Release|Any CPU = Release|Any CPU
		Release|Mixed Platforms = Release|Mixed Platforms
		Release|x86 = Release|x86
	EndGlobalSection
	GlobalSection(ProjectConfigurationPlatforms) = postSolution
		{89E6A40C-BDDD-4835-B9E8-7585274E7E51}.Debug|Any CPU.ActiveCfg = Debug|Any CPU
		{89E6A40C-BDDD-4835-B9E8-7585274E7E51}.Debug|Any CPU.Build.0 = Debug|Any CPU
		{89E6A40C-BDDD-4835-B9E8-7585274E7E51}.Debug|Mixed Platforms.ActiveCfg = Debug|Any CPU
		{89E6A40C-BDDD-4835-B9E8-7585274E7E51}.Debug|Mixed Platforms.Build.0 = Debug|Any CPU
		{89E6A40C-BDDD-4835-B9E8-7585274E7E51}.Debug|x86.ActiveCfg = Debug|Any CPU
		{89E6A40C-BDDD-4835-B9E8-7585274E7E51}.Release|Any CPU.ActiveCfg = Release|Any CPU
		{89E6A40C-BDDD-4835-B9E8-7585274E7E51}.Release|Any CPU.Build.0 = Release|Any CPU
		{89E6A40C-BDDD-4835-B9E8-7585274E7E51}.Release|Mixed Platforms.ActiveCfg = Release|Any CPU
		{89E6A40C-BDDD-4835-B9E8-7585274E7E51}.Release|Mixed Platforms.Build.0 = Release|Any CPU
		{89E6A40C-BDDD-4835-B9E8-7585274E7E51}.Release|x86.ActiveCfg = Release|Any CPU
		{4A658688-8252-4A7F-8C21-D456A171ACC2}.Debug|Any CPU.ActiveCfg = Debug|Any CPU
		{4A658688-8252-4A7F-8C21-D456A171ACC2}.Debug|Any CPU.Build.0 = Debug|Any CPU
		{4A658688-8252-4A7F-8C21-D456A171ACC2}.Debug|Mixed Platforms.ActiveCfg = Debug|Any CPU
		{4A658688-8252-4A7F-8C21-D456A171ACC2}.Debug|Mixed Platforms.Build.0 = Debug|Any CPU
		{4A658688-8252-4A7F-8C21-D456A171ACC2}.Debug|x86.ActiveCfg = Debug|Any CPU
		{4A658688-8252-4A7F-8C21-D456A171ACC2}.Release|Any CPU.ActiveCfg = Release|Any CPU
		{4A658688-8252-4A7F-8C21-D456A171ACC2}.Release|Any CPU.Build.0 = Release|Any CPU
		{4A658688-8252-4A7F-8C21-D456A171ACC2}.Release|Mixed Platforms.ActiveCfg = Release|Any CPU
		{4A658688-8252-4A7F-8C21-D456A171ACC2}.Release|Mixed Platforms.Build.0 = Release|Any CPU
		{4A658688-8252-4A7F-8C21-D456A171ACC2}.Release|x86.ActiveCfg = Release|Any CPU
		{222B6551-63D5-44C3-94A7-76587F9B683B}.Debug|Any CPU.ActiveCfg = Debug|Any CPU
		{222B6551-63D5-44C3-94A7-76587F9B683B}.Debug|Any CPU.Build.0 = Debug|Any CPU
		{222B6551-63D5-44C3-94A7-76587F9B683B}.Debug|Mixed Platforms.ActiveCfg = Debug|Any CPU
		{222B6551-63D5-44C3-94A7-76587F9B683B}.Debug|Mixed Platforms.Build.0 = Debug|Any CPU
		{222B6551-63D5-44C3-94A7-76587F9B683B}.Debug|x86.ActiveCfg = Debug|Any CPU
		{222B6551-63D5-44C3-94A7-76587F9B683B}.Release|Any CPU.ActiveCfg = Release|Any CPU
		{222B6551-63D5-44C3-94A7-76587F9B683B}.Release|Any CPU.Build.0 = Release|Any CPU
		{222B6551-63D5-44C3-94A7-76587F9B683B}.Release|Mixed Platforms.ActiveCfg = Release|Any CPU
		{222B6551-63D5-44C3-94A7-76587F9B683B}.Release|Mixed Platforms.Build.0 = Release|Any CPU
		{222B6551-63D5-44C3-94A7-76587F9B683B}.Release|x86.ActiveCfg = Release|Any CPU
		{AC838723-D1EB-4767-BCB5-9A73AEA0CECC}.Debug|Any CPU.ActiveCfg = Debug|Any CPU
		{AC838723-D1EB-4767-BCB5-9A73AEA0CECC}.Debug|Any CPU.Build.0 = Debug|Any CPU
		{AC838723-D1EB-4767-BCB5-9A73AEA0CECC}.Debug|Mixed Platforms.ActiveCfg = Debug|Any CPU
		{AC838723-D1EB-4767-BCB5-9A73AEA0CECC}.Debug|Mixed Platforms.Build.0 = Debug|Any CPU
		{AC838723-D1EB-4767-BCB5-9A73AEA0CECC}.Debug|x86.ActiveCfg = Debug|Any CPU
		{AC838723-D1EB-4767-BCB5-9A73AEA0CECC}.Release|Any CPU.ActiveCfg = Release|Any CPU
		{AC838723-D1EB-4767-BCB5-9A73AEA0CECC}.Release|Any CPU.Build.0 = Release|Any CPU
		{AC838723-D1EB-4767-BCB5-9A73AEA0CECC}.Release|Mixed Platforms.ActiveCfg = Release|Any CPU
		{AC838723-D1EB-4767-BCB5-9A73AEA0CECC}.Release|Mixed Platforms.Build.0 = Release|Any CPU
		{AC838723-D1EB-4767-BCB5-9A73AEA0CECC}.Release|x86.ActiveCfg = Release|Any CPU
		{99C9F563-3783-4777-B802-3FD197925E0E}.Debug|Any CPU.ActiveCfg = Debug|Any CPU
		{99C9F563-3783-4777-B802-3FD197925E0E}.Debug|Any CPU.Build.0 = Debug|Any CPU
		{99C9F563-3783-4777-B802-3FD197925E0E}.Debug|Mixed Platforms.ActiveCfg = Debug|Any CPU
		{99C9F563-3783-4777-B802-3FD197925E0E}.Debug|Mixed Platforms.Build.0 = Debug|Any CPU
		{99C9F563-3783-4777-B802-3FD197925E0E}.Debug|x86.ActiveCfg = Debug|Any CPU
		{99C9F563-3783-4777-B802-3FD197925E0E}.Release|Any CPU.ActiveCfg = Release|Any CPU
		{99C9F563-3783-4777-B802-3FD197925E0E}.Release|Any CPU.Build.0 = Release|Any CPU
		{99C9F563-3783-4777-B802-3FD197925E0E}.Release|Mixed Platforms.ActiveCfg = Release|Any CPU
		{99C9F563-3783-4777-B802-3FD197925E0E}.Release|Mixed Platforms.Build.0 = Release|Any CPU
		{99C9F563-3783-4777-B802-3FD197925E0E}.Release|x86.ActiveCfg = Release|Any CPU
		{98D8E4A7-70FE-44AB-9176-462E51FEBA63}.Debug|Any CPU.ActiveCfg = Debug|Any CPU
		{98D8E4A7-70FE-44AB-9176-462E51FEBA63}.Debug|Any CPU.Build.0 = Debug|Any CPU
		{98D8E4A7-70FE-44AB-9176-462E51FEBA63}.Debug|Mixed Platforms.ActiveCfg = Debug|Any CPU
		{98D8E4A7-70FE-44AB-9176-462E51FEBA63}.Debug|Mixed Platforms.Build.0 = Debug|Any CPU
		{98D8E4A7-70FE-44AB-9176-462E51FEBA63}.Debug|x86.ActiveCfg = Debug|Any CPU
		{98D8E4A7-70FE-44AB-9176-462E51FEBA63}.Release|Any CPU.ActiveCfg = Release|Any CPU
		{98D8E4A7-70FE-44AB-9176-462E51FEBA63}.Release|Any CPU.Build.0 = Release|Any CPU
		{98D8E4A7-70FE-44AB-9176-462E51FEBA63}.Release|Mixed Platforms.ActiveCfg = Release|Any CPU
		{98D8E4A7-70FE-44AB-9176-462E51FEBA63}.Release|Mixed Platforms.Build.0 = Release|Any CPU
		{98D8E4A7-70FE-44AB-9176-462E51FEBA63}.Release|x86.ActiveCfg = Release|Any CPU
		{E5365F24-B020-4557-AB1B-C39F55F64AFA}.Debug|Any CPU.ActiveCfg = Debug|Any CPU
		{E5365F24-B020-4557-AB1B-C39F55F64AFA}.Debug|Any CPU.Build.0 = Debug|Any CPU
		{E5365F24-B020-4557-AB1B-C39F55F64AFA}.Debug|Mixed Platforms.ActiveCfg = Debug|Any CPU
		{E5365F24-B020-4557-AB1B-C39F55F64AFA}.Debug|Mixed Platforms.Build.0 = Debug|Any CPU
		{E5365F24-B020-4557-AB1B-C39F55F64AFA}.Debug|x86.ActiveCfg = Debug|Any CPU
		{E5365F24-B020-4557-AB1B-C39F55F64AFA}.Release|Any CPU.ActiveCfg = Release|Any CPU
		{E5365F24-B020-4557-AB1B-C39F55F64AFA}.Release|Any CPU.Build.0 = Release|Any CPU
		{E5365F24-B020-4557-AB1B-C39F55F64AFA}.Release|Mixed Platforms.ActiveCfg = Release|Any CPU
		{E5365F24-B020-4557-AB1B-C39F55F64AFA}.Release|Mixed Platforms.Build.0 = Release|Any CPU
		{E5365F24-B020-4557-AB1B-C39F55F64AFA}.Release|x86.ActiveCfg = Release|Any CPU
		{E40A3025-C1BE-4139-ADB7-5975B4EC25A3}.Debug|Any CPU.ActiveCfg = Debug|Any CPU
		{E40A3025-C1BE-4139-ADB7-5975B4EC25A3}.Debug|Any CPU.Build.0 = Debug|Any CPU
		{E40A3025-C1BE-4139-ADB7-5975B4EC25A3}.Debug|Mixed Platforms.ActiveCfg = Debug|Any CPU
		{E40A3025-C1BE-4139-ADB7-5975B4EC25A3}.Debug|Mixed Platforms.Build.0 = Debug|Any CPU
		{E40A3025-C1BE-4139-ADB7-5975B4EC25A3}.Debug|x86.ActiveCfg = Debug|Any CPU
		{E40A3025-C1BE-4139-ADB7-5975B4EC25A3}.Release|Any CPU.ActiveCfg = Release|Any CPU
		{E40A3025-C1BE-4139-ADB7-5975B4EC25A3}.Release|Any CPU.Build.0 = Release|Any CPU
		{E40A3025-C1BE-4139-ADB7-5975B4EC25A3}.Release|Mixed Platforms.ActiveCfg = Release|Any CPU
		{E40A3025-C1BE-4139-ADB7-5975B4EC25A3}.Release|Mixed Platforms.Build.0 = Release|Any CPU
		{E40A3025-C1BE-4139-ADB7-5975B4EC25A3}.Release|x86.ActiveCfg = Release|Any CPU
		{620400F5-1F56-43EC-8238-78D10ABC516C}.Debug|Any CPU.ActiveCfg = Debug|Any CPU
		{620400F5-1F56-43EC-8238-78D10ABC516C}.Debug|Any CPU.Build.0 = Debug|Any CPU
		{620400F5-1F56-43EC-8238-78D10ABC516C}.Debug|Mixed Platforms.ActiveCfg = Debug|Any CPU
		{620400F5-1F56-43EC-8238-78D10ABC516C}.Debug|Mixed Platforms.Build.0 = Debug|Any CPU
		{620400F5-1F56-43EC-8238-78D10ABC516C}.Debug|x86.ActiveCfg = Debug|Any CPU
		{620400F5-1F56-43EC-8238-78D10ABC516C}.Release|Any CPU.ActiveCfg = Release|Any CPU
		{620400F5-1F56-43EC-8238-78D10ABC516C}.Release|Any CPU.Build.0 = Release|Any CPU
		{620400F5-1F56-43EC-8238-78D10ABC516C}.Release|Mixed Platforms.ActiveCfg = Release|Any CPU
		{620400F5-1F56-43EC-8238-78D10ABC516C}.Release|Mixed Platforms.Build.0 = Release|Any CPU
		{620400F5-1F56-43EC-8238-78D10ABC516C}.Release|x86.ActiveCfg = Release|Any CPU
		{64CE671B-0BB0-4AB7-8488-F4C72FF0B443}.Debug|Any CPU.ActiveCfg = Debug|Any CPU
		{64CE671B-0BB0-4AB7-8488-F4C72FF0B443}.Debug|Any CPU.Build.0 = Debug|Any CPU
		{64CE671B-0BB0-4AB7-8488-F4C72FF0B443}.Debug|Mixed Platforms.ActiveCfg = Debug|Any CPU
		{64CE671B-0BB0-4AB7-8488-F4C72FF0B443}.Debug|Mixed Platforms.Build.0 = Debug|Any CPU
		{64CE671B-0BB0-4AB7-8488-F4C72FF0B443}.Debug|x86.ActiveCfg = Debug|Any CPU
		{64CE671B-0BB0-4AB7-8488-F4C72FF0B443}.Debug|x86.Build.0 = Debug|Any CPU
		{64CE671B-0BB0-4AB7-8488-F4C72FF0B443}.Release|Any CPU.ActiveCfg = Release|Any CPU
		{64CE671B-0BB0-4AB7-8488-F4C72FF0B443}.Release|Any CPU.Build.0 = Release|Any CPU
		{64CE671B-0BB0-4AB7-8488-F4C72FF0B443}.Release|Mixed Platforms.ActiveCfg = Release|Any CPU
		{64CE671B-0BB0-4AB7-8488-F4C72FF0B443}.Release|Mixed Platforms.Build.0 = Release|Any CPU
		{64CE671B-0BB0-4AB7-8488-F4C72FF0B443}.Release|x86.ActiveCfg = Release|Any CPU
		{64CE671B-0BB0-4AB7-8488-F4C72FF0B443}.Release|x86.Build.0 = Release|Any CPU
		{30B3B08A-234A-430B-88CE-E1BCC2728E30}.Debug|Any CPU.ActiveCfg = Debug|Any CPU
		{30B3B08A-234A-430B-88CE-E1BCC2728E30}.Debug|Any CPU.Build.0 = Debug|Any CPU
		{30B3B08A-234A-430B-88CE-E1BCC2728E30}.Debug|Mixed Platforms.ActiveCfg = Debug|Any CPU
		{30B3B08A-234A-430B-88CE-E1BCC2728E30}.Debug|Mixed Platforms.Build.0 = Debug|Any CPU
		{30B3B08A-234A-430B-88CE-E1BCC2728E30}.Debug|x86.ActiveCfg = Debug|Any CPU
		{30B3B08A-234A-430B-88CE-E1BCC2728E30}.Debug|x86.Build.0 = Debug|Any CPU
		{30B3B08A-234A-430B-88CE-E1BCC2728E30}.Release|Any CPU.ActiveCfg = Release|Any CPU
		{30B3B08A-234A-430B-88CE-E1BCC2728E30}.Release|Any CPU.Build.0 = Release|Any CPU
		{30B3B08A-234A-430B-88CE-E1BCC2728E30}.Release|Mixed Platforms.ActiveCfg = Release|Any CPU
		{30B3B08A-234A-430B-88CE-E1BCC2728E30}.Release|Mixed Platforms.Build.0 = Release|Any CPU
		{30B3B08A-234A-430B-88CE-E1BCC2728E30}.Release|x86.ActiveCfg = Release|Any CPU
		{30B3B08A-234A-430B-88CE-E1BCC2728E30}.Release|x86.Build.0 = Release|Any CPU
		{83D2D076-D2F0-4087-BF93-3E1212C1A43C}.Debug|Any CPU.ActiveCfg = Debug|Any CPU
		{83D2D076-D2F0-4087-BF93-3E1212C1A43C}.Debug|Any CPU.Build.0 = Debug|Any CPU
		{83D2D076-D2F0-4087-BF93-3E1212C1A43C}.Debug|Mixed Platforms.ActiveCfg = Debug|Any CPU
		{83D2D076-D2F0-4087-BF93-3E1212C1A43C}.Debug|Mixed Platforms.Build.0 = Debug|Any CPU
		{83D2D076-D2F0-4087-BF93-3E1212C1A43C}.Debug|x86.ActiveCfg = Debug|Any CPU
		{83D2D076-D2F0-4087-BF93-3E1212C1A43C}.Debug|x86.Build.0 = Debug|Any CPU
		{83D2D076-D2F0-4087-BF93-3E1212C1A43C}.Release|Any CPU.ActiveCfg = Release|Any CPU
		{83D2D076-D2F0-4087-BF93-3E1212C1A43C}.Release|Any CPU.Build.0 = Release|Any CPU
		{83D2D076-D2F0-4087-BF93-3E1212C1A43C}.Release|Mixed Platforms.ActiveCfg = Release|Any CPU
		{83D2D076-D2F0-4087-BF93-3E1212C1A43C}.Release|Mixed Platforms.Build.0 = Release|Any CPU
		{83D2D076-D2F0-4087-BF93-3E1212C1A43C}.Release|x86.ActiveCfg = Release|Any CPU
		{83D2D076-D2F0-4087-BF93-3E1212C1A43C}.Release|x86.Build.0 = Release|Any CPU
		{E972DAD0-3DB1-49EA-BF23-50676D9713E6}.Debug|Any CPU.ActiveCfg = Debug|Any CPU
		{E972DAD0-3DB1-49EA-BF23-50676D9713E6}.Debug|Any CPU.Build.0 = Debug|Any CPU
		{E972DAD0-3DB1-49EA-BF23-50676D9713E6}.Debug|Mixed Platforms.ActiveCfg = Debug|Any CPU
		{E972DAD0-3DB1-49EA-BF23-50676D9713E6}.Debug|Mixed Platforms.Build.0 = Debug|Any CPU
		{E972DAD0-3DB1-49EA-BF23-50676D9713E6}.Debug|x86.ActiveCfg = Debug|Any CPU
		{E972DAD0-3DB1-49EA-BF23-50676D9713E6}.Debug|x86.Build.0 = Debug|Any CPU
		{E972DAD0-3DB1-49EA-BF23-50676D9713E6}.Release|Any CPU.ActiveCfg = Release|Any CPU
		{E972DAD0-3DB1-49EA-BF23-50676D9713E6}.Release|Any CPU.Build.0 = Release|Any CPU
		{E972DAD0-3DB1-49EA-BF23-50676D9713E6}.Release|Mixed Platforms.ActiveCfg = Release|Any CPU
		{E972DAD0-3DB1-49EA-BF23-50676D9713E6}.Release|Mixed Platforms.Build.0 = Release|Any CPU
		{E972DAD0-3DB1-49EA-BF23-50676D9713E6}.Release|x86.ActiveCfg = Release|Any CPU
		{E972DAD0-3DB1-49EA-BF23-50676D9713E6}.Release|x86.Build.0 = Release|Any CPU
		{629E3D4F-70D3-47F1-8FC0-752CD451749A}.Debug|Any CPU.ActiveCfg = Debug|Any CPU
		{629E3D4F-70D3-47F1-8FC0-752CD451749A}.Debug|Any CPU.Build.0 = Debug|Any CPU
		{629E3D4F-70D3-47F1-8FC0-752CD451749A}.Debug|Mixed Platforms.ActiveCfg = Debug|Any CPU
		{629E3D4F-70D3-47F1-8FC0-752CD451749A}.Debug|Mixed Platforms.Build.0 = Debug|Any CPU
		{629E3D4F-70D3-47F1-8FC0-752CD451749A}.Debug|x86.ActiveCfg = Debug|Any CPU
		{629E3D4F-70D3-47F1-8FC0-752CD451749A}.Debug|x86.Build.0 = Debug|Any CPU
		{629E3D4F-70D3-47F1-8FC0-752CD451749A}.Release|Any CPU.ActiveCfg = Release|Any CPU
		{629E3D4F-70D3-47F1-8FC0-752CD451749A}.Release|Any CPU.Build.0 = Release|Any CPU
		{629E3D4F-70D3-47F1-8FC0-752CD451749A}.Release|Mixed Platforms.ActiveCfg = Release|Any CPU
		{629E3D4F-70D3-47F1-8FC0-752CD451749A}.Release|Mixed Platforms.Build.0 = Release|Any CPU
		{629E3D4F-70D3-47F1-8FC0-752CD451749A}.Release|x86.ActiveCfg = Release|Any CPU
		{629E3D4F-70D3-47F1-8FC0-752CD451749A}.Release|x86.Build.0 = Release|Any CPU
		{91EB925A-90FC-417C-824F-0F19FF3F2E7D}.Debug|Any CPU.ActiveCfg = Debug|Any CPU
		{91EB925A-90FC-417C-824F-0F19FF3F2E7D}.Debug|Any CPU.Build.0 = Debug|Any CPU
		{91EB925A-90FC-417C-824F-0F19FF3F2E7D}.Debug|Mixed Platforms.ActiveCfg = Debug|Any CPU
		{91EB925A-90FC-417C-824F-0F19FF3F2E7D}.Debug|Mixed Platforms.Build.0 = Debug|Any CPU
		{91EB925A-90FC-417C-824F-0F19FF3F2E7D}.Debug|x86.ActiveCfg = Debug|Any CPU
		{91EB925A-90FC-417C-824F-0F19FF3F2E7D}.Debug|x86.Build.0 = Debug|Any CPU
		{91EB925A-90FC-417C-824F-0F19FF3F2E7D}.Release|Any CPU.ActiveCfg = Release|Any CPU
		{91EB925A-90FC-417C-824F-0F19FF3F2E7D}.Release|Any CPU.Build.0 = Release|Any CPU
		{91EB925A-90FC-417C-824F-0F19FF3F2E7D}.Release|Mixed Platforms.ActiveCfg = Release|Any CPU
		{91EB925A-90FC-417C-824F-0F19FF3F2E7D}.Release|Mixed Platforms.Build.0 = Release|Any CPU
		{91EB925A-90FC-417C-824F-0F19FF3F2E7D}.Release|x86.ActiveCfg = Release|Any CPU
		{91EB925A-90FC-417C-824F-0F19FF3F2E7D}.Release|x86.Build.0 = Release|Any CPU
		{E840D0A7-318A-4328-B954-6029442B1757}.Debug|Any CPU.ActiveCfg = Debug|Any CPU
		{E840D0A7-318A-4328-B954-6029442B1757}.Debug|Any CPU.Build.0 = Debug|Any CPU
		{E840D0A7-318A-4328-B954-6029442B1757}.Debug|Mixed Platforms.ActiveCfg = Debug|Any CPU
		{E840D0A7-318A-4328-B954-6029442B1757}.Debug|Mixed Platforms.Build.0 = Debug|Any CPU
		{E840D0A7-318A-4328-B954-6029442B1757}.Debug|x86.ActiveCfg = Debug|Any CPU
		{E840D0A7-318A-4328-B954-6029442B1757}.Debug|x86.Build.0 = Debug|Any CPU
		{E840D0A7-318A-4328-B954-6029442B1757}.Release|Any CPU.ActiveCfg = Release|Any CPU
		{E840D0A7-318A-4328-B954-6029442B1757}.Release|Any CPU.Build.0 = Release|Any CPU
		{E840D0A7-318A-4328-B954-6029442B1757}.Release|Mixed Platforms.ActiveCfg = Release|Any CPU
		{E840D0A7-318A-4328-B954-6029442B1757}.Release|Mixed Platforms.Build.0 = Release|Any CPU
		{E840D0A7-318A-4328-B954-6029442B1757}.Release|x86.ActiveCfg = Release|Any CPU
		{E840D0A7-318A-4328-B954-6029442B1757}.Release|x86.Build.0 = Release|Any CPU
	EndGlobalSection
	GlobalSection(SolutionProperties) = preSolution
		HideSolutionNode = FALSE
	EndGlobalSection
	GlobalSection(NestedProjects) = preSolution
		{4A658688-8252-4A7F-8C21-D456A171ACC2} = {39ABB036-6D61-4EF3-A21D-557721D27F83}
		{222B6551-63D5-44C3-94A7-76587F9B683B} = {4DAF666D-30AB-4288-B32C-086028D6EC20}
		{99C9F563-3783-4777-B802-3FD197925E0E} = {FB51830D-CCEB-41A3-9B8A-A28C8B721330}
		{4DAF666D-30AB-4288-B32C-086028D6EC20} = {4AE25FA4-2085-44CC-BF72-1D214661CE39}
		{6C17A7FE-33B7-4619-B27B-5BFC350882FD} = {4AE25FA4-2085-44CC-BF72-1D214661CE39}
		{98D8E4A7-70FE-44AB-9176-462E51FEBA63} = {820552B5-27DA-464C-95B8-21CF5D6C46CC}
		{E5365F24-B020-4557-AB1B-C39F55F64AFA} = {19AE68DB-86BD-431F-9D31-465CAB85E8E9}
		{39ABB036-6D61-4EF3-A21D-557721D27F83} = {6C17A7FE-33B7-4619-B27B-5BFC350882FD}
		{FB51830D-CCEB-41A3-9B8A-A28C8B721330} = {6C17A7FE-33B7-4619-B27B-5BFC350882FD}
		{820552B5-27DA-464C-95B8-21CF5D6C46CC} = {4AE25FA4-2085-44CC-BF72-1D214661CE39}
		{620400F5-1F56-43EC-8238-78D10ABC516C} = {19AE68DB-86BD-431F-9D31-465CAB85E8E9}
		{19AE68DB-86BD-431F-9D31-465CAB85E8E9} = {4DAF666D-30AB-4288-B32C-086028D6EC20}
		{64CE671B-0BB0-4AB7-8488-F4C72FF0B443} = {19AE68DB-86BD-431F-9D31-465CAB85E8E9}
		{30B3B08A-234A-430B-88CE-E1BCC2728E30} = {19AE68DB-86BD-431F-9D31-465CAB85E8E9}
		{83D2D076-D2F0-4087-BF93-3E1212C1A43C} = {19AE68DB-86BD-431F-9D31-465CAB85E8E9}
		{E972DAD0-3DB1-49EA-BF23-50676D9713E6} = {19AE68DB-86BD-431F-9D31-465CAB85E8E9}
		{629E3D4F-70D3-47F1-8FC0-752CD451749A} = {19AE68DB-86BD-431F-9D31-465CAB85E8E9}
		{91EB925A-90FC-417C-824F-0F19FF3F2E7D} = {820552B5-27DA-464C-95B8-21CF5D6C46CC}
		{E840D0A7-318A-4328-B954-6029442B1757} = {820552B5-27DA-464C-95B8-21CF5D6C46CC}
	EndGlobalSection
	GlobalSection(ExtensibilityGlobals) = postSolution
		SolutionGuid = {632B33DF-7EFC-4F7F-AB4E-FD95754A886C}
	EndGlobalSection
	GlobalSection(Performance) = preSolution
		HasPerformanceSessions = true
	EndGlobalSection
EndGlobal
