
Microsoft Visual Studio Solution File, Format Version 12.00
# Visual Studio 15
VisualStudioVersion = 15.0.26730.10
MinimumVisualStudioVersion = 10.0.40219.1
Project("{FAE04EC0-301F-11D3-BF4B-00C04F79EFBC}") = "CodeGeneration", "CodeGeneration\CodeGeneration.csproj", "{D75C24A1-A76E-467E-BC2C-209297034795}"
EndProject
Project("{FAE04EC0-301F-11D3-BF4B-00C04F79EFBC}") = "DBLZGX2L2.Enties", "DBLZGX2L2.Enties\DBLZGX2L2.Enties.csproj", "{E840D0A7-318A-4328-B954-6029442B1757}"
EndProject
Project("{FAE04EC0-301F-11D3-BF4B-00C04F79EFBC}") = "DBLZGX2L2.BusinessCore", "DBLZGX2L2.BusinessCore\DBLZGX2L2.BusinessCore.csproj", "{91EB925A-90FC-417C-824F-0F19FF3F2E7D}"
EndProject
Global
	GlobalSection(SolutionConfigurationPlatforms) = preSolution
		Debug|Any CPU = Debug|Any CPU
		Release|Any CPU = Release|Any CPU
	EndGlobalSection
	GlobalSection(ProjectConfigurationPlatforms) = postSolution
		{D75C24A1-A76E-467E-BC2C-209297034795}.Debug|Any CPU.ActiveCfg = Debug|Any CPU
		{D75C24A1-A76E-467E-BC2C-209297034795}.Debug|Any CPU.Build.0 = Debug|Any CPU
		{D75C24A1-A76E-467E-BC2C-209297034795}.Release|Any CPU.ActiveCfg = Release|Any CPU
		{D75C24A1-A76E-467E-BC2C-209297034795}.Release|Any CPU.Build.0 = Release|Any CPU
		{E840D0A7-318A-4328-B954-6029442B1757}.Debug|Any CPU.ActiveCfg = Debug|Any CPU
		{E840D0A7-318A-4328-B954-6029442B1757}.Debug|Any CPU.Build.0 = Debug|Any CPU
		{E840D0A7-318A-4328-B954-6029442B1757}.Release|Any CPU.ActiveCfg = Release|Any CPU
		{E840D0A7-318A-4328-B954-6029442B1757}.Release|Any CPU.Build.0 = Release|Any CPU
		{91EB925A-90FC-417C-824F-0F19FF3F2E7D}.Debug|Any CPU.ActiveCfg = Debug|Any CPU
		{91EB925A-90FC-417C-824F-0F19FF3F2E7D}.Debug|Any CPU.Build.0 = Debug|Any CPU
		{91EB925A-90FC-417C-824F-0F19FF3F2E7D}.Release|Any CPU.ActiveCfg = Release|Any CPU
		{91EB925A-90FC-417C-824F-0F19FF3F2E7D}.Release|Any CPU.Build.0 = Release|Any CPU
	EndGlobalSection
	GlobalSection(SolutionProperties) = preSolution
		HideSolutionNode = FALSE
	EndGlobalSection
	GlobalSection(ExtensibilityGlobals) = postSolution
		SolutionGuid = {D61F8416-F403-4459-8287-7E83DE398C42}
	EndGlobalSection
EndGlobal
